// !$*UTF8*$!
{
	archiveVersion = 1;
	classes = {
	};
	objectVersion = 48;
	objects = {

/* Begin PBXBuildFile section */
		1822FC321F2192DC00C88E17 /* AppDelegate.swift in Sources */ = {isa = PBXBuildFile; fileRef = 1822FC311F2192DC00C88E17 /* AppDelegate.swift */; };
		1822FC341F2192DC00C88E17 /* LoginViewController.swift in Sources */ = {isa = PBXBuildFile; fileRef = 1822FC331F2192DC00C88E17 /* LoginViewController.swift */; };
		1822FC371F2192DC00C88E17 /* Main.storyboard in Resources */ = {isa = PBXBuildFile; fileRef = 1822FC351F2192DC00C88E17 /* Main.storyboard */; };
		1822FC391F2192DC00C88E17 /* Assets.xcassets in Resources */ = {isa = PBXBuildFile; fileRef = 1822FC381F2192DC00C88E17 /* Assets.xcassets */; };
		1822FC3C1F2192DC00C88E17 /* LaunchScreen.storyboard in Resources */ = {isa = PBXBuildFile; fileRef = 1822FC3A1F2192DC00C88E17 /* LaunchScreen.storyboard */; };
		1822FC461F21975C00C88E17 /* GoogleService-Info.plist in Resources */ = {isa = PBXBuildFile; fileRef = 1822FC451F21975C00C88E17 /* GoogleService-Info.plist */; };
		18EE1BD81F22776300656484 /* SnapsViewController.swift in Sources */ = {isa = PBXBuildFile; fileRef = 18EE1BD71F22776300656484 /* SnapsViewController.swift */; };
		18EE1BDA1F2279D200656484 /* PictureViewController.swift in Sources */ = {isa = PBXBuildFile; fileRef = 18EE1BD91F2279D200656484 /* PictureViewController.swift */; };
		18EE1BDC1F227ECC00656484 /* SelectUserViewController.swift in Sources */ = {isa = PBXBuildFile; fileRef = 18EE1BDB1F227ECC00656484 /* SelectUserViewController.swift */; };
		18EE1BDE1F22915900656484 /* User.swift in Sources */ = {isa = PBXBuildFile; fileRef = 18EE1BDD1F22915900656484 /* User.swift */; };
		6562C70871904677AD64C119 /* Pods_SnapClone.framework in Frameworks */ = {isa = PBXBuildFile; fileRef = 09A82AE00BF4E5F34BB679EA /* Pods_SnapClone.framework */; };
/* End PBXBuildFile section */

/* Begin PBXFileReference section */
		09A82AE00BF4E5F34BB679EA /* Pods_SnapClone.framework */ = {isa = PBXFileReference; explicitFileType = wrapper.framework; includeInIndex = 0; path = Pods_SnapClone.framework; sourceTree = BUILT_PRODUCTS_DIR; };
		1822FC2E1F2192DC00C88E17 /* SnapClone.app */ = {isa = PBXFileReference; explicitFileType = wrapper.application; includeInIndex = 0; path = SnapClone.app; sourceTree = BUILT_PRODUCTS_DIR; };
		1822FC311F2192DC00C88E17 /* AppDelegate.swift */ = {isa = PBXFileReference; lastKnownFileType = sourcecode.swift; path = AppDelegate.swift; sourceTree = "<group>"; };
		1822FC331F2192DC00C88E17 /* LoginViewController.swift */ = {isa = PBXFileReference; lastKnownFileType = sourcecode.swift; path = LoginViewController.swift; sourceTree = "<group>"; };
		1822FC361F2192DC00C88E17 /* Base */ = {isa = PBXFileReference; lastKnownFileType = file.storyboard; name = Base; path = Base.lproj/Main.storyboard; sourceTree = "<group>"; };
		1822FC381F2192DC00C88E17 /* Assets.xcassets */ = {isa = PBXFileReference; lastKnownFileType = folder.assetcatalog; path = Assets.xcassets; sourceTree = "<group>"; };
		1822FC3B1F2192DC00C88E17 /* Base */ = {isa = PBXFileReference; lastKnownFileType = file.storyboard; name = Base; path = Base.lproj/LaunchScreen.storyboard; sourceTree = "<group>"; };
		1822FC3D1F2192DC00C88E17 /* Info.plist */ = {isa = PBXFileReference; lastKnownFileType = text.plist.xml; path = Info.plist; sourceTree = "<group>"; };
		1822FC451F21975C00C88E17 /* GoogleService-Info.plist */ = {isa = PBXFileReference; fileEncoding = 4; lastKnownFileType = text.plist.xml; name = "GoogleService-Info.plist"; path = "../../GoogleService-Info.plist"; sourceTree = "<group>"; };
		18EE1BD61F22769D00656484 /* SnapClone.entitlements */ = {isa = PBXFileReference; lastKnownFileType = text.plist.entitlements; path = SnapClone.entitlements; sourceTree = "<group>"; };
		18EE1BD71F22776300656484 /* SnapsViewController.swift */ = {isa = PBXFileReference; lastKnownFileType = sourcecode.swift; path = SnapsViewController.swift; sourceTree = "<group>"; };
		18EE1BD91F2279D200656484 /* PictureViewController.swift */ = {isa = PBXFileReference; lastKnownFileType = sourcecode.swift; path = PictureViewController.swift; sourceTree = "<group>"; };
		18EE1BDB1F227ECC00656484 /* SelectUserViewController.swift */ = {isa = PBXFileReference; lastKnownFileType = sourcecode.swift; path = SelectUserViewController.swift; sourceTree = "<group>"; };
		18EE1BDD1F22915900656484 /* User.swift */ = {isa = PBXFileReference; lastKnownFileType = sourcecode.swift; path = User.swift; sourceTree = "<group>"; };
		2C0C79087218EEBCAD06711D /* Pods-SnapClone.debug.xcconfig */ = {isa = PBXFileReference; includeInIndex = 1; lastKnownFileType = text.xcconfig; name = "Pods-SnapClone.debug.xcconfig"; path = "Pods/Target Support Files/Pods-SnapClone/Pods-SnapClone.debug.xcconfig"; sourceTree = "<group>"; };
		7432442F461963CA180A562C /* Pods-SnapClone.release.xcconfig */ = {isa = PBXFileReference; includeInIndex = 1; lastKnownFileType = text.xcconfig; name = "Pods-SnapClone.release.xcconfig"; path = "Pods/Target Support Files/Pods-SnapClone/Pods-SnapClone.release.xcconfig"; sourceTree = "<group>"; };
/* End PBXFileReference section */

/* Begin PBXFrameworksBuildPhase section */
		1822FC2B1F2192DC00C88E17 /* Frameworks */ = {
			isa = PBXFrameworksBuildPhase;
			buildActionMask = 2147483647;
			files = (
				6562C70871904677AD64C119 /* Pods_SnapClone.framework in Frameworks */,
			);
			runOnlyForDeploymentPostprocessing = 0;
		};
/* End PBXFrameworksBuildPhase section */

/* Begin PBXGroup section */
		1822FC251F2192DC00C88E17 = {
			isa = PBXGroup;
			children = (
				1822FC301F2192DC00C88E17 /* SnapClone */,
				1822FC2F1F2192DC00C88E17 /* Products */,
				F8AB7634E57E7AB579105386 /* Pods */,
				716A0725BF10426FB1FECD5F /* Frameworks */,
			);
			sourceTree = "<group>";
		};
		1822FC2F1F2192DC00C88E17 /* Products */ = {
			isa = PBXGroup;
			children = (
				1822FC2E1F2192DC00C88E17 /* SnapClone.app */,
			);
			name = Products;
			sourceTree = "<group>";
		};
		1822FC301F2192DC00C88E17 /* SnapClone */ = {
			isa = PBXGroup;
			children = (
				1822FC311F2192DC00C88E17 /* AppDelegate.swift */,
				18EE1BDF1F22917A00656484 /* ViewControllers */,
				18EE1BE01F2291A900656484 /* Models */,
				18EE1BD61F22769D00656484 /* SnapClone.entitlements */,
				1822FC351F2192DC00C88E17 /* Main.storyboard */,
				1822FC381F2192DC00C88E17 /* Assets.xcassets */,
				1822FC3A1F2192DC00C88E17 /* LaunchScreen.storyboard */,
				1822FC3D1F2192DC00C88E17 /* Info.plist */,
				1822FC451F21975C00C88E17 /* GoogleService-Info.plist */,
			);
			path = SnapClone;
			sourceTree = "<group>";
		};
		18EE1BDF1F22917A00656484 /* ViewControllers */ = {
			isa = PBXGroup;
			children = (
				1822FC331F2192DC00C88E17 /* LoginViewController.swift */,
				18EE1BD71F22776300656484 /* SnapsViewController.swift */,
				18EE1BD91F2279D200656484 /* PictureViewController.swift */,
				18EE1BDB1F227ECC00656484 /* SelectUserViewController.swift */,
			);
			path = ViewControllers;
			sourceTree = "<group>";
		};
		18EE1BE01F2291A900656484 /* Models */ = {
			isa = PBXGroup;
			children = (
				18EE1BDD1F22915900656484 /* User.swift */,
			);
			path = Models;
			sourceTree = "<group>";
		};
		716A0725BF10426FB1FECD5F /* Frameworks */ = {
			isa = PBXGroup;
			children = (
				09A82AE00BF4E5F34BB679EA /* Pods_SnapClone.framework */,
			);
			name = Frameworks;
			sourceTree = "<group>";
		};
		F8AB7634E57E7AB579105386 /* Pods */ = {
			isa = PBXGroup;
			children = (
				2C0C79087218EEBCAD06711D /* Pods-SnapClone.debug.xcconfig */,
				7432442F461963CA180A562C /* Pods-SnapClone.release.xcconfig */,
			);
			name = Pods;
			sourceTree = "<group>";
		};
/* End PBXGroup section */

/* Begin PBXNativeTarget section */
		1822FC2D1F2192DC00C88E17 /* SnapClone */ = {
			isa = PBXNativeTarget;
			buildConfigurationList = 1822FC401F2192DC00C88E17 /* Build configuration list for PBXNativeTarget "SnapClone" */;
			buildPhases = (
				30748C79D31978981D504199 /* [CP] Check Pods Manifest.lock */,
				1822FC2A1F2192DC00C88E17 /* Sources */,
				1822FC2B1F2192DC00C88E17 /* Frameworks */,
				1822FC2C1F2192DC00C88E17 /* Resources */,
				2992D9CA46C91F4E3278706B /* [CP] Embed Pods Frameworks */,
				08691A33B7C2FCE8243B130C /* [CP] Copy Pods Resources */,
			);
			buildRules = (
			);
			dependencies = (
			);
			name = SnapClone;
			productName = SnapClone;
			productReference = 1822FC2E1F2192DC00C88E17 /* SnapClone.app */;
			productType = "com.apple.product-type.application";
		};
/* End PBXNativeTarget section */

/* Begin PBXProject section */
		1822FC261F2192DC00C88E17 /* Project object */ = {
			isa = PBXProject;
			attributes = {
				LastSwiftUpdateCheck = 0900;
				LastUpgradeCheck = 0900;
				ORGANIZATIONNAME = Jeremy;
				TargetAttributes = {
					1822FC2D1F2192DC00C88E17 = {
						CreatedOnToolsVersion = 9.0;
						SystemCapabilities = {
							com.apple.Keychain = {
								enabled = 1;
							};
						};
					};
				};
			};
			buildConfigurationList = 1822FC291F2192DC00C88E17 /* Build configuration list for PBXProject "SnapClone" */;
			compatibilityVersion = "Xcode 8.0";
			developmentRegion = en;
			hasScannedForEncodings = 0;
			knownRegions = (
				en,
				Base,
			);
			mainGroup = 1822FC251F2192DC00C88E17;
			productRefGroup = 1822FC2F1F2192DC00C88E17 /* Products */;
			projectDirPath = "";
			projectRoot = "";
			targets = (
				1822FC2D1F2192DC00C88E17 /* SnapClone */,
			);
		};
/* End PBXProject section */

/* Begin PBXResourcesBuildPhase section */
		1822FC2C1F2192DC00C88E17 /* Resources */ = {
			isa = PBXResourcesBuildPhase;
			buildActionMask = 2147483647;
			files = (
				1822FC3C1F2192DC00C88E17 /* LaunchScreen.storyboard in Resources */,
				1822FC461F21975C00C88E17 /* GoogleService-Info.plist in Resources */,
				1822FC391F2192DC00C88E17 /* Assets.xcassets in Resources */,
				1822FC371F2192DC00C88E17 /* Main.storyboard in Resources */,
			);
			runOnlyForDeploymentPostprocessing = 0;
		};
/* End PBXResourcesBuildPhase section */

/* Begin PBXShellScriptBuildPhase section */
		08691A33B7C2FCE8243B130C /* [CP] Copy Pods Resources */ = {
			isa = PBXShellScriptBuildPhase;
			buildActionMask = 2147483647;
			files = (
			);
			inputPaths = (
			);
			name = "[CP] Copy Pods Resources";
			outputPaths = (
			);
			runOnlyForDeploymentPostprocessing = 0;
			shellPath = /bin/sh;
			shellScript = "\"${SRCROOT}/Pods/Target Support Files/Pods-SnapClone/Pods-SnapClone-resources.sh\"\n";
			showEnvVarsInLog = 0;
		};
		2992D9CA46C91F4E3278706B /* [CP] Embed Pods Frameworks */ = {
			isa = PBXShellScriptBuildPhase;
			buildActionMask = 2147483647;
			files = (
			);
			inputPaths = (
			);
			name = "[CP] Embed Pods Frameworks";
			outputPaths = (
			);
			runOnlyForDeploymentPostprocessing = 0;
			shellPath = /bin/sh;
			shellScript = "\"${SRCROOT}/Pods/Target Support Files/Pods-SnapClone/Pods-SnapClone-frameworks.sh\"\n";
			showEnvVarsInLog = 0;
		};
		30748C79D31978981D504199 /* [CP] Check Pods Manifest.lock */ = {
			isa = PBXShellScriptBuildPhase;
			buildActionMask = 2147483647;
			files = (
			);
			inputPaths = (
			);
			name = "[CP] Check Pods Manifest.lock";
			outputPaths = (
			);
			runOnlyForDeploymentPostprocessing = 0;
			shellPath = /bin/sh;
			shellScript = "diff \"${PODS_PODFILE_DIR_PATH}/Podfile.lock\" \"${PODS_ROOT}/Manifest.lock\" > /dev/null\nif [ $? != 0 ] ; then\n    # print error to STDERR\n    echo \"error: The sandbox is not in sync with the Podfile.lock. Run 'pod install' or update your CocoaPods installation.\" >&2\n    exit 1\nfi\n";
			showEnvVarsInLog = 0;
		};
/* End PBXShellScriptBuildPhase section */

/* Begin PBXSourcesBuildPhase section */
		1822FC2A1F2192DC00C88E17 /* Sources */ = {
			isa = PBXSourcesBuildPhase;
			buildActionMask = 2147483647;
			files = (
				1822FC341F2192DC00C88E17 /* LoginViewController.swift in Sources */,
				18EE1BDA1F2279D200656484 /* PictureViewController.swift in Sources */,
				18EE1BDE1F22915900656484 /* User.swift in Sources */,
				18EE1BDC1F227ECC00656484 /* SelectUserViewController.swift in Sources */,
				1822FC321F2192DC00C88E17 /* AppDelegate.swift in Sources */,
				18EE1BD81F22776300656484 /* SnapsViewController.swift in Sources */,
			);
			runOnlyForDeploymentPostprocessing = 0;
		};
/* End PBXSourcesBuildPhase section */

/* Begin PBXVariantGroup section */
		1822FC351F2192DC00C88E17 /* Main.storyboard */ = {
			isa = PBXVariantGroup;
			children = (
				1822FC361F2192DC00C88E17 /* Base */,
			);
			name = Main.storyboard;
			sourceTree = "<group>";
		};
		1822FC3A1F2192DC00C88E17 /* LaunchScreen.storyboard */ = {
			isa = PBXVariantGroup;
			children = (
				1822FC3B1F2192DC00C88E17 /* Base */,
			);
			name = LaunchScreen.storyboard;
			sourceTree = "<group>";
		};
/* End PBXVariantGroup section */

/* Begin XCBuildConfiguration section */
		1822FC3E1F2192DC00C88E17 /* Debug */ = {
			isa = XCBuildConfiguration;
			buildSettings = {
				ALWAYS_SEARCH_USER_PATHS = NO;
				CLANG_ANALYZER_NONNULL = YES;
				CLANG_ANALYZER_NUMBER_OBJECT_CONVERSION = YES_AGGRESSIVE;
				CLANG_CXX_LANGUAGE_STANDARD = "gnu++14";
				CLANG_CXX_LIBRARY = "libc++";
				CLANG_ENABLE_MODULES = YES;
				CLANG_ENABLE_OBJC_ARC = YES;
				CLANG_WARN_BLOCK_CAPTURE_AUTORELEASING = YES;
				CLANG_WARN_BOOL_CONVERSION = YES;
				CLANG_WARN_COMMA = YES;
				CLANG_WARN_CONSTANT_CONVERSION = YES;
				CLANG_WARN_DIRECT_OBJC_ISA_USAGE = YES_ERROR;
				CLANG_WARN_DOCUMENTATION_COMMENTS = YES;
				CLANG_WARN_EMPTY_BODY = YES;
				CLANG_WARN_ENUM_CONVERSION = YES;
				CLANG_WARN_INFINITE_RECURSION = YES;
				CLANG_WARN_INT_CONVERSION = YES;
				CLANG_WARN_NON_LITERAL_NULL_CONVERSION = YES;
				CLANG_WARN_OBJC_LITERAL_CONVERSION = YES;
				CLANG_WARN_OBJC_ROOT_CLASS = YES_ERROR;
				CLANG_WARN_RANGE_LOOP_ANALYSIS = YES;
				CLANG_WARN_STRICT_PROTOTYPES = YES;
				CLANG_WARN_SUSPICIOUS_MOVE = YES;
				CLANG_WARN_UNGUARDED_AVAILABILITY = YES_AGGRESSIVE;
				CLANG_WARN_UNREACHABLE_CODE = YES;
				CLANG_WARN__DUPLICATE_METHOD_MATCH = YES;
				CODE_SIGN_IDENTITY = "iPhone Developer";
				COPY_PHASE_STRIP = NO;
				DEBUG_INFORMATION_FORMAT = dwarf;
				ENABLE_STRICT_OBJC_MSGSEND = YES;
				ENABLE_TESTABILITY = YES;
				GCC_C_LANGUAGE_STANDARD = gnu11;
				GCC_DYNAMIC_NO_PIC = NO;
				GCC_NO_COMMON_BLOCKS = YES;
				GCC_OPTIMIZATION_LEVEL = 0;
				GCC_PREPROCESSOR_DEFINITIONS = (
					"DEBUG=1",
					"$(inherited)",
				);
				GCC_WARN_64_TO_32_BIT_CONVERSION = YES;
				GCC_WARN_ABOUT_RETURN_TYPE = YES_ERROR;
				GCC_WARN_UNDECLARED_SELECTOR = YES;
				GCC_WARN_UNINITIALIZED_AUTOS = YES_AGGRESSIVE;
				GCC_WARN_UNUSED_FUNCTION = YES;
				GCC_WARN_UNUSED_VARIABLE = YES;
				IPHONEOS_DEPLOYMENT_TARGET = 11.0;
				MTL_ENABLE_DEBUG_INFO = YES;
				ONLY_ACTIVE_ARCH = YES;
				SDKROOT = iphoneos;
				SWIFT_ACTIVE_COMPILATION_CONDITIONS = DEBUG;
				SWIFT_OPTIMIZATION_LEVEL = "-Onone";
			};
			name = Debug;
		};
		1822FC3F1F2192DC00C88E17 /* Release */ = {
			isa = XCBuildConfiguration;
			buildSettings = {
				ALWAYS_SEARCH_USER_PATHS = NO;
				CLANG_ANALYZER_NONNULL = YES;
				CLANG_ANALYZER_NUMBER_OBJECT_CONVERSION = YES_AGGRESSIVE;
				CLANG_CXX_LANGUAGE_STANDARD = "gnu++14";
				CLANG_CXX_LIBRARY = "libc++";
				CLANG_ENABLE_MODULES = YES;
				CLANG_ENABLE_OBJC_ARC = YES;
				CLANG_WARN_BLOCK_CAPTURE_AUTORELEASING = YES;
				CLANG_WARN_BOOL_CONVERSION = YES;
				CLANG_WARN_COMMA = YES;
				CLANG_WARN_CONSTANT_CONVERSION = YES;
				CLANG_WARN_DIRECT_OBJC_ISA_USAGE = YES_ERROR;
				CLANG_WARN_DOCUMENTATION_COMMENTS = YES;
				CLANG_WARN_EMPTY_BODY = YES;
				CLANG_WARN_ENUM_CONVERSION = YES;
				CLANG_WARN_INFINITE_RECURSION = YES;
				CLANG_WARN_INT_CONVERSION = YES;
				CLANG_WARN_NON_LITERAL_NULL_CONVERSION = YES;
				CLANG_WARN_OBJC_LITERAL_CONVERSION = YES;
				CLANG_WARN_OBJC_ROOT_CLASS = YES_ERROR;
				CLANG_WARN_RANGE_LOOP_ANALYSIS = YES;
				CLANG_WARN_STRICT_PROTOTYPES = YES;
				CLANG_WARN_SUSPICIOUS_MOVE = YES;
				CLANG_WARN_UNGUARDED_AVAILABILITY = YES_AGGRESSIVE;
				CLANG_WARN_UNREACHABLE_CODE = YES;
				CLANG_WARN__DUPLICATE_METHOD_MATCH = YES;
				CODE_SIGN_IDENTITY = "iPhone Developer";
				COPY_PHASE_STRIP = NO;
				DEBUG_INFORMATION_FORMAT = "dwarf-with-dsym";
				ENABLE_NS_ASSERTIONS = NO;
				ENABLE_STRICT_OBJC_MSGSEND = YES;
				GCC_C_LANGUAGE_STANDARD = gnu11;
				GCC_NO_COMMON_BLOCKS = YES;
				GCC_WARN_64_TO_32_BIT_CONVERSION = YES;
				GCC_WARN_ABOUT_RETURN_TYPE = YES_ERROR;
				GCC_WARN_UNDECLARED_SELECTOR = YES;
				GCC_WARN_UNINITIALIZED_AUTOS = YES_AGGRESSIVE;
				GCC_WARN_UNUSED_FUNCTION = YES;
				GCC_WARN_UNUSED_VARIABLE = YES;
				IPHONEOS_DEPLOYMENT_TARGET = 11.0;
				MTL_ENABLE_DEBUG_INFO = NO;
				SDKROOT = iphoneos;
				SWIFT_OPTIMIZATION_LEVEL = "-Owholemodule";
				VALIDATE_PRODUCT = YES;
			};
			name = Release;
		};
		1822FC411F2192DC00C88E17 /* Debug */ = {
			isa = XCBuildConfiguration;
			baseConfigurationReference = 2C0C79087218EEBCAD06711D /* Pods-SnapClone.debug.xcconfig */;
			buildSettings = {
				ASSETCATALOG_COMPILER_APPICON_NAME = AppIcon;
				CODE_SIGN_ENTITLEMENTS = SnapClone/SnapClone.entitlements;
				DEVELOPMENT_TEAM = VESFM88WFB;
				INFOPLIST_FILE = SnapClone/Info.plist;
				LD_RUNPATH_SEARCH_PATHS = "$(inherited) @executable_path/Frameworks";
				PRODUCT_BUNDLE_IDENTIFIER = Jeremy.SnapClone;
				PRODUCT_NAME = "$(TARGET_NAME)";
				SWIFT_VERSION = 4.0;
				TARGETED_DEVICE_FAMILY = "1,2";
			};
			name = Debug;
		};
		1822FC421F2192DC00C88E17 /* Release */ = {
			isa = XCBuildConfiguration;
			baseConfigurationReference = 7432442F461963CA180A562C /* Pods-SnapClone.release.xcconfig */;
			buildSettings = {
				ASSETCATALOG_COMPILER_APPICON_NAME = AppIcon;
				CODE_SIGN_ENTITLEMENTS = SnapClone/SnapClone.entitlements;
				DEVELOPMENT_TEAM = VESFM88WFB;
				INFOPLIST_FILE = SnapClone/Info.plist;
				LD_RUNPATH_SEARCH_PATHS = "$(inherited) @executable_path/Frameworks";
				PRODUCT_BUNDLE_IDENTIFIER = Jeremy.SnapClone;
				PRODUCT_NAME = "$(TARGET_NAME)";
				SWIFT_VERSION = 4.0;
				TARGETED_DEVICE_FAMILY = "1,2";
			};
			name = Release;
		};
/* End XCBuildConfiguration section */

/* Begin XCConfigurationList section */
		1822FC291F2192DC00C88E17 /* Build configuration list for PBXProject "SnapClone" */ = {
			isa = XCConfigurationList;
			buildConfigurations = (
				1822FC3E1F2192DC00C88E17 /* Debug */,
				1822FC3F1F2192DC00C88E17 /* Release */,
			);
			defaultConfigurationIsVisible = 0;
			defaultConfigurationName = Release;
		};
		1822FC401F2192DC00C88E17 /* Build configuration list for PBXNativeTarget "SnapClone" */ = {
			isa = XCConfigurationList;
			buildConfigurations = (
				1822FC411F2192DC00C88E17 /* Debug */,
				1822FC421F2192DC00C88E17 /* Release */,
			);
			defaultConfigurationIsVisible = 0;
			defaultConfigurationName = Release;
		};
/* End XCConfigurationList section */
	};
	rootObject = 1822FC261F2192DC00C88E17 /* Project object */;
}
